
Microsoft Visual Studio Solution File, Format Version 12.00
# Visual Studio Version 16
VisualStudioVersion = 16.0.34601.136
MinimumVisualStudioVersion = 10.0.40219.1
Project("{FAE04EC0-301F-11D3-BF4B-00C04F79EFBC}") = "CapaPresentacionAdmin", "CapaPresentacionAdmin\CapaPresentacionAdmin.csproj", "{1CA1BB3D-BC52-40ED-BD56-610F2C945EC1}"
EndProject
Project("{FAE04EC0-301F-11D3-BF4B-00C04F79EFBC}") = "CapaPresentacionTienda", "CapaPresentacionTienda\CapaPresentacionTienda.csproj", "{0C7CB451-03EE-413C-B2AC-E851C33FA34E}"
EndProject
Project("{FAE04EC0-301F-11D3-BF4B-00C04F79EFBC}") = "CapaDatos", "CapaDatos\CapaDatos.csproj", "{81F5B7D0-5B1E-41B3-A469-388A63E78E7B}"
EndProject
Project("{FAE04EC0-301F-11D3-BF4B-00C04F79EFBC}") = "CapaEntidad", "CapaEntidad\CapaEntidad.csproj", "{14128E6A-500B-4F5A-B164-731DE22F6E74}"
EndProject
Project("{FAE04EC0-301F-11D3-BF4B-00C04F79EFBC}") = "CapaNegocio", "CapaNegocio\CapaNegocio.csproj", "{64086859-6DBE-4F98-A988-782614956A16}"
EndProject
Global
	GlobalSection(SolutionConfigurationPlatforms) = preSolution
		Debug|Any CPU = Debug|Any CPU
		Release|Any CPU = Release|Any CPU
	EndGlobalSection
	GlobalSection(ProjectConfigurationPlatforms) = postSolution
		{1CA1BB3D-BC52-40ED-BD56-610F2C945EC1}.Debug|Any CPU.ActiveCfg = Debug|Any CPU
		{1CA1BB3D-BC52-40ED-BD56-610F2C945EC1}.Debug|Any CPU.Build.0 = Debug|Any CPU
		{1CA1BB3D-BC52-40ED-BD56-610F2C945EC1}.Release|Any CPU.ActiveCfg = Release|Any CPU
		{1CA1BB3D-BC52-40ED-BD56-610F2C945EC1}.Release|Any CPU.Build.0 = Release|Any CPU
		{0C7CB451-03EE-413C-B2AC-E851C33FA34E}.Debug|Any CPU.ActiveCfg = Debug|Any CPU
		{0C7CB451-03EE-413C-B2AC-E851C33FA34E}.Debug|Any CPU.Build.0 = Debug|Any CPU
		{0C7CB451-03EE-413C-B2AC-E851C33FA34E}.Release|Any CPU.ActiveCfg = Release|Any CPU
		{0C7CB451-03EE-413C-B2AC-E851C33FA34E}.Release|Any CPU.Build.0 = Release|Any CPU
		{81F5B7D0-5B1E-41B3-A469-388A63E78E7B}.Debug|Any CPU.ActiveCfg = Debug|Any CPU
		{81F5B7D0-5B1E-41B3-A469-388A63E78E7B}.Debug|Any CPU.Build.0 = Debug|Any CPU
		{81F5B7D0-5B1E-41B3-A469-388A63E78E7B}.Release|Any CPU.ActiveCfg = Release|Any CPU
		{81F5B7D0-5B1E-41B3-A469-388A63E78E7B}.Release|Any CPU.Build.0 = Release|Any CPU
		{14128E6A-500B-4F5A-B164-731DE22F6E74}.Debug|Any CPU.ActiveCfg = Debug|Any CPU
		{14128E6A-500B-4F5A-B164-731DE22F6E74}.Debug|Any CPU.Build.0 = Debug|Any CPU
		{14128E6A-500B-4F5A-B164-731DE22F6E74}.Release|Any CPU.ActiveCfg = Release|Any CPU
		{14128E6A-500B-4F5A-B164-731DE22F6E74}.Release|Any CPU.Build.0 = Release|Any CPU
		{64086859-6DBE-4F98-A988-782614956A16}.Debug|Any CPU.ActiveCfg = Debug|Any CPU
		{64086859-6DBE-4F98-A988-782614956A16}.Debug|Any CPU.Build.0 = Debug|Any CPU
		{64086859-6DBE-4F98-A988-782614956A16}.Release|Any CPU.ActiveCfg = Release|Any CPU
		{64086859-6DBE-4F98-A988-782614956A16}.Release|Any CPU.Build.0 = Release|Any CPU
	EndGlobalSection
	GlobalSection(SolutionProperties) = preSolution
		HideSolutionNode = FALSE
	EndGlobalSection
	GlobalSection(ExtensibilityGlobals) = postSolution
		SolutionGuid = {32A773BC-A8F9-44A6-AB40-D7D849A145A3}
	EndGlobalSection
EndGlobal
